
Microsoft Visual Studio Solution File, Format Version 12.00
# Visual Studio Version 17
VisualStudioVersion = 17.3.32819.101
MinimumVisualStudioVersion = 10.0.40219.1
Project("{FAE04EC0-301F-11D3-BF4B-00C04F79EFBC}") = "PRJ.API", "PRJ.API\PRJ.API.csproj", "{A7B17347-9D15-441A-8708-CCFC61FCEB14}"
EndProject
Project("{FAE04EC0-301F-11D3-BF4B-00C04F79EFBC}") = "PRJ.DataAccess", "PRJ.DataAccess\PRJ.DataAccess.csproj", "{A6119B2D-8976-46EE-B78B-1AD835576736}"
EndProject
Project("{FAE04EC0-301F-11D3-BF4B-00C04F79EFBC}") = "PRJ.Repository", "PRJ.Repository\PRJ.Repository.csproj", "{10D52399-D8AE-43EA-9BD9-C646A52AF4A0}"
EndProject
Project("{FAE04EC0-301F-11D3-BF4B-00C04F79EFBC}") = "PRJ.Service", "PRJ.Service\PRJ.Service.csproj", "{8E0567BA-8C44-4DC4-9528-F59CE3C2F5C7}"
EndProject
Project("{FAE04EC0-301F-11D3-BF4B-00C04F79EFBC}") = "PRJ.Utility", "PRJ.Utility\PRJ.Utility.csproj", "{9625962D-CCA1-4767-BF10-2B7E5597119D}"
EndProject
Global
	GlobalSection(SolutionConfigurationPlatforms) = preSolution
		Debug|Any CPU = Debug|Any CPU
		Release|Any CPU = Release|Any CPU
	EndGlobalSection
	GlobalSection(ProjectConfigurationPlatforms) = postSolution
		{A7B17347-9D15-441A-8708-CCFC61FCEB14}.Debug|Any CPU.ActiveCfg = Debug|Any CPU
		{A7B17347-9D15-441A-8708-CCFC61FCEB14}.Debug|Any CPU.Build.0 = Debug|Any CPU
		{A7B17347-9D15-441A-8708-CCFC61FCEB14}.Release|Any CPU.ActiveCfg = Release|Any CPU
		{A7B17347-9D15-441A-8708-CCFC61FCEB14}.Release|Any CPU.Build.0 = Release|Any CPU
		{A6119B2D-8976-46EE-B78B-1AD835576736}.Debug|Any CPU.ActiveCfg = Debug|Any CPU
		{A6119B2D-8976-46EE-B78B-1AD835576736}.Debug|Any CPU.Build.0 = Debug|Any CPU
		{A6119B2D-8976-46EE-B78B-1AD835576736}.Release|Any CPU.ActiveCfg = Release|Any CPU
		{A6119B2D-8976-46EE-B78B-1AD835576736}.Release|Any CPU.Build.0 = Release|Any CPU
		{10D52399-D8AE-43EA-9BD9-C646A52AF4A0}.Debug|Any CPU.ActiveCfg = Debug|Any CPU
		{10D52399-D8AE-43EA-9BD9-C646A52AF4A0}.Debug|Any CPU.Build.0 = Debug|Any CPU
		{10D52399-D8AE-43EA-9BD9-C646A52AF4A0}.Release|Any CPU.ActiveCfg = Release|Any CPU
		{10D52399-D8AE-43EA-9BD9-C646A52AF4A0}.Release|Any CPU.Build.0 = Release|Any CPU
		{8E0567BA-8C44-4DC4-9528-F59CE3C2F5C7}.Debug|Any CPU.ActiveCfg = Debug|Any CPU
		{8E0567BA-8C44-4DC4-9528-F59CE3C2F5C7}.Debug|Any CPU.Build.0 = Debug|Any CPU
		{8E0567BA-8C44-4DC4-9528-F59CE3C2F5C7}.Release|Any CPU.ActiveCfg = Release|Any CPU
		{8E0567BA-8C44-4DC4-9528-F59CE3C2F5C7}.Release|Any CPU.Build.0 = Release|Any CPU
		{9625962D-CCA1-4767-BF10-2B7E5597119D}.Debug|Any CPU.ActiveCfg = Debug|Any CPU
		{9625962D-CCA1-4767-BF10-2B7E5597119D}.Debug|Any CPU.Build.0 = Debug|Any CPU
		{9625962D-CCA1-4767-BF10-2B7E5597119D}.Release|Any CPU.ActiveCfg = Release|Any CPU
		{9625962D-CCA1-4767-BF10-2B7E5597119D}.Release|Any CPU.Build.0 = Release|Any CPU
	EndGlobalSection
	GlobalSection(SolutionProperties) = preSolution
		HideSolutionNode = FALSE
	EndGlobalSection
	GlobalSection(ExtensibilityGlobals) = postSolution
		SolutionGuid = {5A3450EA-AAA3-4243-B86A-2027C07C2212}
	EndGlobalSection
EndGlobal
